
Microsoft Visual Studio Solution File, Format Version 12.00
# Visual Studio Version 17
VisualStudioVersion = 17.4.33103.184
MinimumVisualStudioVersion = 10.0.40219.1
Project("{FAE04EC0-301F-11D3-BF4B-00C04F79EFBC}") = "YeddiyeBolme", "YeddiyeBolme\YeddiyeBolme.csproj", "{2575F1DD-E265-4E2D-93C8-BA32D60BA5AB}"
EndProject
Global
	GlobalSection(SolutionConfigurationPlatforms) = preSolution
		Debug|Any CPU = Debug|Any CPU
		Release|Any CPU = Release|Any CPU
	EndGlobalSection
	GlobalSection(ProjectConfigurationPlatforms) = postSolution
		{2575F1DD-E265-4E2D-93C8-BA32D60BA5AB}.Debug|Any CPU.ActiveCfg = Debug|Any CPU
		{2575F1DD-E265-4E2D-93C8-BA32D60BA5AB}.Debug|Any CPU.Build.0 = Debug|Any CPU
		{2575F1DD-E265-4E2D-93C8-BA32D60BA5AB}.Release|Any CPU.ActiveCfg = Release|Any CPU
		{2575F1DD-E265-4E2D-93C8-BA32D60BA5AB}.Release|Any CPU.Build.0 = Release|Any CPU
	EndGlobalSection
	GlobalSection(SolutionProperties) = preSolution
		HideSolutionNode = FALSE
	EndGlobalSection
	GlobalSection(ExtensibilityGlobals) = postSolution
		SolutionGuid = {B0A385B6-E840-4542-8556-E110C177B684}
	EndGlobalSection
EndGlobal
